
Microsoft Visual Studio Solution File, Format Version 12.00
# Visual Studio Version 16
VisualStudioVersion = 16.0.30225.117
MinimumVisualStudioVersion = 10.0.40219.1
Project("{FAE04EC0-301F-11D3-BF4B-00C04F79EFBC}") = "Money Maker", "Money Maker\Money Maker.csproj", "{BC257177-D8FA-4623-A94F-49798128A181}"
EndProject
Global
	GlobalSection(SolutionConfigurationPlatforms) = preSolution
		Debug|Any CPU = Debug|Any CPU
		Release|Any CPU = Release|Any CPU
	EndGlobalSection
	GlobalSection(ProjectConfigurationPlatforms) = postSolution
		{BC257177-D8FA-4623-A94F-49798128A181}.Debug|Any CPU.ActiveCfg = Debug|Any CPU
		{BC257177-D8FA-4623-A94F-49798128A181}.Debug|Any CPU.Build.0 = Debug|Any CPU
		{BC257177-D8FA-4623-A94F-49798128A181}.Release|Any CPU.ActiveCfg = Release|Any CPU
		{BC257177-D8FA-4623-A94F-49798128A181}.Release|Any CPU.Build.0 = Release|Any CPU
	EndGlobalSection
	GlobalSection(SolutionProperties) = preSolution
		HideSolutionNode = FALSE
	EndGlobalSection
	GlobalSection(ExtensibilityGlobals) = postSolution
		SolutionGuid = {FB1B85C1-7883-4F33-A8CD-0AD2019952CF}
	EndGlobalSection
EndGlobal
